
Microsoft Visual Studio Solution File, Format Version 12.00
# Visual Studio Version 16
VisualStudioVersion = 16.0.33927.289
MinimumVisualStudioVersion = 10.0.40219.1
Project("{8BC9CEB8-8B4A-11D0-8D11-00A0C91BC942}") = "Tyuiu.KaidalovIG.CoursControl_0.Task1.V1", "Tyuiu.KaidalovIG.CoursControl_0.Task1.V1\Tyuiu.KaidalovIG.CoursControl_0.Task1.V1.vcxproj", "{A1721CFF-3678-420A-A6B2-477EB2B880CE}"
EndProject
Project("{8BC9CEB8-8B4A-11D0-8D11-00A0C91BC942}") = "Tyuiu.KaidalovIG.CoursControl_0.Task1.V1.Test", "Tyuiu.KaidalovIG.CoursControl_0.Task1.V1.Test\Tyuiu.KaidalovIG.CoursControl_0.Task1.V1.Test.vcxproj", "{BDB47D62-29C9-4A03-86AC-2E1289C07CBD}"
EndProject
Project("{8BC9CEB8-8B4A-11D0-8D11-00A0C91BC942}") = "Tyuiu.KaidalovIG.CoursControl_0.Task1.V1.Lib", "Tyuiu.KaidalovIG.CoursControl_0.Task1.V1.Lib\Tyuiu.KaidalovIG.CoursControl_0.Task1.V1.Lib.vcxproj", "{E8126275-AA40-4ED8-8FA3-86D0BFDA5062}"
EndProject
Project("{2150E333-8FDC-42A3-9474-1A3956D46DE8}") = "NewFolder1", "NewFolder1", "{7E5587BB-6C78-441E-8BA5-14E67ABD8B88}"
EndProject
Global
	GlobalSection(SolutionConfigurationPlatforms) = preSolution
		Debug|x64 = Debug|x64
		Debug|x86 = Debug|x86
		Release|x64 = Release|x64
		Release|x86 = Release|x86
	EndGlobalSection
	GlobalSection(ProjectConfigurationPlatforms) = postSolution
		{A1721CFF-3678-420A-A6B2-477EB2B880CE}.Debug|x64.ActiveCfg = Debug|x64
		{A1721CFF-3678-420A-A6B2-477EB2B880CE}.Debug|x64.Build.0 = Debug|x64
		{A1721CFF-3678-420A-A6B2-477EB2B880CE}.Debug|x86.ActiveCfg = Debug|Win32
		{A1721CFF-3678-420A-A6B2-477EB2B880CE}.Debug|x86.Build.0 = Debug|Win32
		{A1721CFF-3678-420A-A6B2-477EB2B880CE}.Release|x64.ActiveCfg = Release|x64
		{A1721CFF-3678-420A-A6B2-477EB2B880CE}.Release|x64.Build.0 = Release|x64
		{A1721CFF-3678-420A-A6B2-477EB2B880CE}.Release|x86.ActiveCfg = Release|Win32
		{A1721CFF-3678-420A-A6B2-477EB2B880CE}.Release|x86.Build.0 = Release|Win32
		{BDB47D62-29C9-4A03-86AC-2E1289C07CBD}.Debug|x64.ActiveCfg = Debug|x64
		{BDB47D62-29C9-4A03-86AC-2E1289C07CBD}.Debug|x64.Build.0 = Debug|x64
		{BDB47D62-29C9-4A03-86AC-2E1289C07CBD}.Debug|x86.ActiveCfg = Debug|Win32
		{BDB47D62-29C9-4A03-86AC-2E1289C07CBD}.Debug|x86.Build.0 = Debug|Win32
		{BDB47D62-29C9-4A03-86AC-2E1289C07CBD}.Release|x64.ActiveCfg = Release|x64
		{BDB47D62-29C9-4A03-86AC-2E1289C07CBD}.Release|x64.Build.0 = Release|x64
		{BDB47D62-29C9-4A03-86AC-2E1289C07CBD}.Release|x86.ActiveCfg = Release|Win32
		{BDB47D62-29C9-4A03-86AC-2E1289C07CBD}.Release|x86.Build.0 = Release|Win32
		{E8126275-AA40-4ED8-8FA3-86D0BFDA5062}.Debug|x64.ActiveCfg = Debug|x64
		{E8126275-AA40-4ED8-8FA3-86D0BFDA5062}.Debug|x64.Build.0 = Debug|x64
		{E8126275-AA40-4ED8-8FA3-86D0BFDA5062}.Debug|x86.ActiveCfg = Debug|Win32
		{E8126275-AA40-4ED8-8FA3-86D0BFDA5062}.Debug|x86.Build.0 = Debug|Win32
		{E8126275-AA40-4ED8-8FA3-86D0BFDA5062}.Release|x64.ActiveCfg = Release|x64
		{E8126275-AA40-4ED8-8FA3-86D0BFDA5062}.Release|x64.Build.0 = Release|x64
		{E8126275-AA40-4ED8-8FA3-86D0BFDA5062}.Release|x86.ActiveCfg = Release|Win32
		{E8126275-AA40-4ED8-8FA3-86D0BFDA5062}.Release|x86.Build.0 = Release|Win32
	EndGlobalSection
	GlobalSection(SolutionProperties) = preSolution
		HideSolutionNode = FALSE
	EndGlobalSection
	GlobalSection(NestedProjects) = preSolution
		{A1721CFF-3678-420A-A6B2-477EB2B880CE} = {7E5587BB-6C78-441E-8BA5-14E67ABD8B88}
		{BDB47D62-29C9-4A03-86AC-2E1289C07CBD} = {7E5587BB-6C78-441E-8BA5-14E67ABD8B88}
		{E8126275-AA40-4ED8-8FA3-86D0BFDA5062} = {7E5587BB-6C78-441E-8BA5-14E67ABD8B88}
	EndGlobalSection
	GlobalSection(ExtensibilityGlobals) = postSolution
		SolutionGuid = {1032AE96-B095-4733-8FB6-A10364C1EFA6}
	EndGlobalSection
EndGlobal
